// !$*UTF8*$!
{
	archiveVersion = 1;
	classes = {
	};
	objectVersion = 50;
	objects = {

/* Begin PBXBuildFile section */
		1340CEF6259FA4870010C0D6 /* AppDelegate.swift in Sources */ = {isa = PBXBuildFile; fileRef = 1340CEF5259FA4870010C0D6 /* AppDelegate.swift */; };
		1340CEF8259FA4870010C0D6 /* SceneDelegate.swift in Sources */ = {isa = PBXBuildFile; fileRef = 1340CEF7259FA4870010C0D6 /* SceneDelegate.swift */; };
		1340CEFA259FA4870010C0D6 /* CommentsViewController.swift in Sources */ = {isa = PBXBuildFile; fileRef = 1340CEF9259FA4870010C0D6 /* CommentsViewController.swift */; };
		1340CEFD259FA4870010C0D6 /* Comments.storyboard in Resources */ = {isa = PBXBuildFile; fileRef = 1340CEFB259FA4870010C0D6 /* Comments.storyboard */; };
		1340CEFF259FA4890010C0D6 /* Assets.xcassets in Resources */ = {isa = PBXBuildFile; fileRef = 1340CEFE259FA4890010C0D6 /* Assets.xcassets */; };
		1340CF02259FA4890010C0D6 /* LaunchScreen.storyboard in Resources */ = {isa = PBXBuildFile; fileRef = 1340CF00259FA4890010C0D6 /* LaunchScreen.storyboard */; };
		1340CF14259FAC840010C0D6 /* CommentCell.swift in Sources */ = {isa = PBXBuildFile; fileRef = 1340CF13259FAC840010C0D6 /* CommentCell.swift */; };
		1340CF16259FADE70010C0D6 /* Comment.swift in Sources */ = {isa = PBXBuildFile; fileRef = 1340CF15259FADE70010C0D6 /* Comment.swift */; };
		1340CF19259FB0280010C0D6 /* NetworkService.swift in Sources */ = {isa = PBXBuildFile; fileRef = 1340CF18259FB0280010C0D6 /* NetworkService.swift */; };
		1340CF1C259FB84D0010C0D6 /* GetCommentResponses.swift in Sources */ = {isa = PBXBuildFile; fileRef = 1340CF1B259FB84D0010C0D6 /* GetCommentResponses.swift */; };
		1340CF1F259FB9B90010C0D6 /* CommentNetworkService.swift in Sources */ = {isa = PBXBuildFile; fileRef = 1340CF1E259FB9B90010C0D6 /* CommentNetworkService.swift */; };
		1340CF21259FBBC30010C0D6 /* NetworkError.swift in Sources */ = {isa = PBXBuildFile; fileRef = 1340CF20259FBBC30010C0D6 /* NetworkError.swift */; };
/* End PBXBuildFile section */

/* Begin PBXFileReference section */
		1340CEF2259FA4870010C0D6 /* MVC-N.app */ = {isa = PBXFileReference; explicitFileType = wrapper.application; includeInIndex = 0; path = "MVC-N.app"; sourceTree = BUILT_PRODUCTS_DIR; };
		1340CEF5259FA4870010C0D6 /* AppDelegate.swift */ = {isa = PBXFileReference; lastKnownFileType = sourcecode.swift; path = AppDelegate.swift; sourceTree = "<group>"; };
		1340CEF7259FA4870010C0D6 /* SceneDelegate.swift */ = {isa = PBXFileReference; lastKnownFileType = sourcecode.swift; path = SceneDelegate.swift; sourceTree = "<group>"; };
		1340CEF9259FA4870010C0D6 /* CommentsViewController.swift */ = {isa = PBXFileReference; lastKnownFileType = sourcecode.swift; path = CommentsViewController.swift; sourceTree = "<group>"; };
		1340CEFC259FA4870010C0D6 /* Base */ = {isa = PBXFileReference; lastKnownFileType = file.storyboard; name = Base; path = Base.lproj/Comments.storyboard; sourceTree = "<group>"; };
		1340CEFE259FA4890010C0D6 /* Assets.xcassets */ = {isa = PBXFileReference; lastKnownFileType = folder.assetcatalog; path = Assets.xcassets; sourceTree = "<group>"; };
		1340CF01259FA4890010C0D6 /* Base */ = {isa = PBXFileReference; lastKnownFileType = file.storyboard; name = Base; path = Base.lproj/LaunchScreen.storyboard; sourceTree = "<group>"; };
		1340CF03259FA4890010C0D6 /* Info.plist */ = {isa = PBXFileReference; lastKnownFileType = text.plist.xml; path = Info.plist; sourceTree = "<group>"; };
		1340CF13259FAC840010C0D6 /* CommentCell.swift */ = {isa = PBXFileReference; lastKnownFileType = sourcecode.swift; path = CommentCell.swift; sourceTree = "<group>"; };
		1340CF15259FADE70010C0D6 /* Comment.swift */ = {isa = PBXFileReference; lastKnownFileType = sourcecode.swift; path = Comment.swift; sourceTree = "<group>"; };
		1340CF18259FB0280010C0D6 /* NetworkService.swift */ = {isa = PBXFileReference; lastKnownFileType = sourcecode.swift; path = NetworkService.swift; sourceTree = "<group>"; };
		1340CF1B259FB84D0010C0D6 /* GetCommentResponses.swift */ = {isa = PBXFileReference; lastKnownFileType = sourcecode.swift; path = GetCommentResponses.swift; sourceTree = "<group>"; };
		1340CF1E259FB9B90010C0D6 /* CommentNetworkService.swift */ = {isa = PBXFileReference; lastKnownFileType = sourcecode.swift; path = CommentNetworkService.swift; sourceTree = "<group>"; };
		1340CF20259FBBC30010C0D6 /* NetworkError.swift */ = {isa = PBXFileReference; lastKnownFileType = sourcecode.swift; path = NetworkError.swift; sourceTree = "<group>"; };
/* End PBXFileReference section */

/* Begin PBXFrameworksBuildPhase section */
		1340CEEF259FA4870010C0D6 /* Frameworks */ = {
			isa = PBXFrameworksBuildPhase;
			buildActionMask = 2147483647;
			files = (
			);
			runOnlyForDeploymentPostprocessing = 0;
		};
/* End PBXFrameworksBuildPhase section */

/* Begin PBXGroup section */
		1340CEE9259FA4870010C0D6 = {
			isa = PBXGroup;
			children = (
				1340CEF4259FA4870010C0D6 /* MVC-N */,
				1340CEF3259FA4870010C0D6 /* Products */,
			);
			sourceTree = "<group>";
		};
		1340CEF3259FA4870010C0D6 /* Products */ = {
			isa = PBXGroup;
			children = (
				1340CEF2259FA4870010C0D6 /* MVC-N.app */,
			);
			name = Products;
			sourceTree = "<group>";
		};
		1340CEF4259FA4870010C0D6 /* MVC-N */ = {
			isa = PBXGroup;
			children = (
				1340CF0C259FA54F0010C0D6 /* Application */,
				1340CF0D259FA5760010C0D6 /* Comments */,
				1340CF1D259FB9820010C0D6 /* CommentNetworkService */,
				1340CEF7259FA4870010C0D6 /* SceneDelegate.swift */,
				1340CF11259FA6090010C0D6 /* Supporting files */,
			);
			path = "MVC-N";
			sourceTree = "<group>";
		};
		1340CF09259FA5180010C0D6 /* Model */ = {
			isa = PBXGroup;
			children = (
				1340CF20259FBBC30010C0D6 /* NetworkError.swift */,
			);
			path = Model;
			sourceTree = "<group>";
		};
		1340CF0A259FA5350010C0D6 /* View */ = {
			isa = PBXGroup;
			children = (
				1340CF00259FA4890010C0D6 /* LaunchScreen.storyboard */,
			);
			path = View;
			sourceTree = "<group>";
		};
		1340CF0B259FA5410010C0D6 /* Controller */ = {
			isa = PBXGroup;
			children = (
				1340CEF5259FA4870010C0D6 /* AppDelegate.swift */,
			);
			path = Controller;
			sourceTree = "<group>";
		};
		1340CF0C259FA54F0010C0D6 /* Application */ = {
			isa = PBXGroup;
			children = (
				1340CF17259FB0060010C0D6 /* NetworkService */,
				1340CF0B259FA5410010C0D6 /* Controller */,
				1340CF0A259FA5350010C0D6 /* View */,
				1340CF09259FA5180010C0D6 /* Model */,
			);
			path = Application;
			sourceTree = "<group>";
		};
		1340CF0D259FA5760010C0D6 /* Comments */ = {
			isa = PBXGroup;
			children = (
				1340CF10259FA5AD0010C0D6 /* Model */,
				1340CF0F259FA5890010C0D6 /* View */,
				1340CF0E259FA5800010C0D6 /* Controller */,
			);
			path = Comments;
			sourceTree = "<group>";
		};
		1340CF0E259FA5800010C0D6 /* Controller */ = {
			isa = PBXGroup;
			children = (
				1340CEF9259FA4870010C0D6 /* CommentsViewController.swift */,
			);
			path = Controller;
			sourceTree = "<group>";
		};
		1340CF0F259FA5890010C0D6 /* View */ = {
			isa = PBXGroup;
			children = (
				1340CEFB259FA4870010C0D6 /* Comments.storyboard */,
				1340CF13259FAC840010C0D6 /* CommentCell.swift */,
			);
			path = View;
			sourceTree = "<group>";
		};
		1340CF10259FA5AD0010C0D6 /* Model */ = {
			isa = PBXGroup;
			children = (
				1340CF1A259FB8200010C0D6 /* Responses */,
				1340CF15259FADE70010C0D6 /* Comment.swift */,
			);
			path = Model;
			sourceTree = "<group>";
		};
		1340CF11259FA6090010C0D6 /* Supporting files */ = {
			isa = PBXGroup;
			children = (
				1340CEFE259FA4890010C0D6 /* Assets.xcassets */,
				1340CF03259FA4890010C0D6 /* Info.plist */,
			);
			path = "Supporting files";
			sourceTree = "<group>";
		};
		1340CF17259FB0060010C0D6 /* NetworkService */ = {
			isa = PBXGroup;
			children = (
				1340CF18259FB0280010C0D6 /* NetworkService.swift */,
			);
			path = NetworkService;
			sourceTree = "<group>";
		};
		1340CF1A259FB8200010C0D6 /* Responses */ = {
			isa = PBXGroup;
			children = (
				1340CF1B259FB84D0010C0D6 /* GetCommentResponses.swift */,
			);
			path = Responses;
			sourceTree = "<group>";
		};
		1340CF1D259FB9820010C0D6 /* CommentNetworkService */ = {
			isa = PBXGroup;
			children = (
				1340CF1E259FB9B90010C0D6 /* CommentNetworkService.swift */,
			);
			path = CommentNetworkService;
			sourceTree = "<group>";
		};
/* End PBXGroup section */

/* Begin PBXNativeTarget section */
		1340CEF1259FA4870010C0D6 /* MVC-N */ = {
			isa = PBXNativeTarget;
			buildConfigurationList = 1340CF06259FA4890010C0D6 /* Build configuration list for PBXNativeTarget "MVC-N" */;
			buildPhases = (
				1340CEEE259FA4870010C0D6 /* Sources */,
				1340CEEF259FA4870010C0D6 /* Frameworks */,
				1340CEF0259FA4870010C0D6 /* Resources */,
			);
			buildRules = (
			);
			dependencies = (
			);
			name = "MVC-N";
			productName = "MVC-N";
			productReference = 1340CEF2259FA4870010C0D6 /* MVC-N.app */;
			productType = "com.apple.product-type.application";
		};
/* End PBXNativeTarget section */

/* Begin PBXProject section */
		1340CEEA259FA4870010C0D6 /* Project object */ = {
			isa = PBXProject;
			attributes = {
				LastSwiftUpdateCheck = 1120;
				LastUpgradeCheck = 1120;
				ORGANIZATIONNAME = wolfyteze;
				TargetAttributes = {
					1340CEF1259FA4870010C0D6 = {
						CreatedOnToolsVersion = 11.2.1;
					};
				};
			};
			buildConfigurationList = 1340CEED259FA4870010C0D6 /* Build configuration list for PBXProject "MVC-N" */;
			compatibilityVersion = "Xcode 9.3";
			developmentRegion = en;
			hasScannedForEncodings = 0;
			knownRegions = (
				en,
				Base,
			);
			mainGroup = 1340CEE9259FA4870010C0D6;
			productRefGroup = 1340CEF3259FA4870010C0D6 /* Products */;
			projectDirPath = "";
			projectRoot = "";
			targets = (
				1340CEF1259FA4870010C0D6 /* MVC-N */,
			);
		};
/* End PBXProject section */

/* Begin PBXResourcesBuildPhase section */
		1340CEF0259FA4870010C0D6 /* Resources */ = {
			isa = PBXResourcesBuildPhase;
			buildActionMask = 2147483647;
			files = (
				1340CF02259FA4890010C0D6 /* LaunchScreen.storyboard in Resources */,
				1340CEFF259FA4890010C0D6 /* Assets.xcassets in Resources */,
				1340CEFD259FA4870010C0D6 /* Comments.storyboard in Resources */,
			);
			runOnlyForDeploymentPostprocessing = 0;
		};
/* End PBXResourcesBuildPhase section */

/* Begin PBXSourcesBuildPhase section */
		1340CEEE259FA4870010C0D6 /* Sources */ = {
			isa = PBXSourcesBuildPhase;
			buildActionMask = 2147483647;
			files = (
				1340CF16259FADE70010C0D6 /* Comment.swift in Sources */,
				1340CEFA259FA4870010C0D6 /* CommentsViewController.swift in Sources */,
				1340CEF6259FA4870010C0D6 /* AppDelegate.swift in Sources */,
				1340CEF8259FA4870010C0D6 /* SceneDelegate.swift in Sources */,
				1340CF1F259FB9B90010C0D6 /* CommentNetworkService.swift in Sources */,
				1340CF19259FB0280010C0D6 /* NetworkService.swift in Sources */,
				1340CF21259FBBC30010C0D6 /* NetworkError.swift in Sources */,
				1340CF1C259FB84D0010C0D6 /* GetCommentResponses.swift in Sources */,
				1340CF14259FAC840010C0D6 /* CommentCell.swift in Sources */,
			);
			runOnlyForDeploymentPostprocessing = 0;
		};
/* End PBXSourcesBuildPhase section */

/* Begin PBXVariantGroup section */
		1340CEFB259FA4870010C0D6 /* Comments.storyboard */ = {
			isa = PBXVariantGroup;
			children = (
				1340CEFC259FA4870010C0D6 /* Base */,
			);
			name = Comments.storyboard;
			sourceTree = "<group>";
		};
		1340CF00259FA4890010C0D6 /* LaunchScreen.storyboard */ = {
			isa = PBXVariantGroup;
			children = (
				1340CF01259FA4890010C0D6 /* Base */,
			);
			name = LaunchScreen.storyboard;
			sourceTree = "<group>";
		};
/* End PBXVariantGroup section */

/* Begin XCBuildConfiguration section */
		1340CF04259FA4890010C0D6 /* Debug */ = {
			isa = XCBuildConfiguration;
			buildSettings = {
				ALWAYS_SEARCH_USER_PATHS = NO;
				CLANG_ANALYZER_NONNULL = YES;
				CLANG_ANALYZER_NUMBER_OBJECT_CONVERSION = YES_AGGRESSIVE;
				CLANG_CXX_LANGUAGE_STANDARD = "gnu++14";
				CLANG_CXX_LIBRARY = "libc++";
				CLANG_ENABLE_MODULES = YES;
				CLANG_ENABLE_OBJC_ARC = YES;
				CLANG_ENABLE_OBJC_WEAK = YES;
				CLANG_WARN_BLOCK_CAPTURE_AUTORELEASING = YES;
				CLANG_WARN_BOOL_CONVERSION = YES;
				CLANG_WARN_COMMA = YES;
				CLANG_WARN_CONSTANT_CONVERSION = YES;
				CLANG_WARN_DEPRECATED_OBJC_IMPLEMENTATIONS = YES;
				CLANG_WARN_DIRECT_OBJC_ISA_USAGE = YES_ERROR;
				CLANG_WARN_DOCUMENTATION_COMMENTS = YES;
				CLANG_WARN_EMPTY_BODY = YES;
				CLANG_WARN_ENUM_CONVERSION = YES;
				CLANG_WARN_INFINITE_RECURSION = YES;
				CLANG_WARN_INT_CONVERSION = YES;
				CLANG_WARN_NON_LITERAL_NULL_CONVERSION = YES;
				CLANG_WARN_OBJC_IMPLICIT_RETAIN_SELF = YES;
				CLANG_WARN_OBJC_LITERAL_CONVERSION = YES;
				CLANG_WARN_OBJC_ROOT_CLASS = YES_ERROR;
				CLANG_WARN_RANGE_LOOP_ANALYSIS = YES;
				CLANG_WARN_STRICT_PROTOTYPES = YES;
				CLANG_WARN_SUSPICIOUS_MOVE = YES;
				CLANG_WARN_UNGUARDED_AVAILABILITY = YES_AGGRESSIVE;
				CLANG_WARN_UNREACHABLE_CODE = YES;
				CLANG_WARN__DUPLICATE_METHOD_MATCH = YES;
				COPY_PHASE_STRIP = NO;
				DEBUG_INFORMATION_FORMAT = dwarf;
				ENABLE_STRICT_OBJC_MSGSEND = YES;
				ENABLE_TESTABILITY = YES;
				GCC_C_LANGUAGE_STANDARD = gnu11;
				GCC_DYNAMIC_NO_PIC = NO;
				GCC_NO_COMMON_BLOCKS = YES;
				GCC_OPTIMIZATION_LEVEL = 0;
				GCC_PREPROCESSOR_DEFINITIONS = (
					"DEBUG=1",
					"$(inherited)",
				);
				GCC_WARN_64_TO_32_BIT_CONVERSION = YES;
				GCC_WARN_ABOUT_RETURN_TYPE = YES_ERROR;
				GCC_WARN_UNDECLARED_SELECTOR = YES;
				GCC_WARN_UNINITIALIZED_AUTOS = YES_AGGRESSIVE;
				GCC_WARN_UNUSED_FUNCTION = YES;
				GCC_WARN_UNUSED_VARIABLE = YES;
				IPHONEOS_DEPLOYMENT_TARGET = 13.2;
				MTL_ENABLE_DEBUG_INFO = INCLUDE_SOURCE;
				MTL_FAST_MATH = YES;
				ONLY_ACTIVE_ARCH = YES;
				SDKROOT = iphoneos;
				SWIFT_ACTIVE_COMPILATION_CONDITIONS = DEBUG;
				SWIFT_OPTIMIZATION_LEVEL = "-Onone";
			};
			name = Debug;
		};
		1340CF05259FA4890010C0D6 /* Release */ = {
			isa = XCBuildConfiguration;
			buildSettings = {
				ALWAYS_SEARCH_USER_PATHS = NO;
				CLANG_ANALYZER_NONNULL = YES;
				CLANG_ANALYZER_NUMBER_OBJECT_CONVERSION = YES_AGGRESSIVE;
				CLANG_CXX_LANGUAGE_STANDARD = "gnu++14";
				CLANG_CXX_LIBRARY = "libc++";
				CLANG_ENABLE_MODULES = YES;
				CLANG_ENABLE_OBJC_ARC = YES;
				CLANG_ENABLE_OBJC_WEAK = YES;
				CLANG_WARN_BLOCK_CAPTURE_AUTORELEASING = YES;
				CLANG_WARN_BOOL_CONVERSION = YES;
				CLANG_WARN_COMMA = YES;
				CLANG_WARN_CONSTANT_CONVERSION = YES;
				CLANG_WARN_DEPRECATED_OBJC_IMPLEMENTATIONS = YES;
				CLANG_WARN_DIRECT_OBJC_ISA_USAGE = YES_ERROR;
				CLANG_WARN_DOCUMENTATION_COMMENTS = YES;
				CLANG_WARN_EMPTY_BODY = YES;
				CLANG_WARN_ENUM_CONVERSION = YES;
				CLANG_WARN_INFINITE_RECURSION = YES;
				CLANG_WARN_INT_CONVERSION = YES;
				CLANG_WARN_NON_LITERAL_NULL_CONVERSION = YES;
				CLANG_WARN_OBJC_IMPLICIT_RETAIN_SELF = YES;
				CLANG_WARN_OBJC_LITERAL_CONVERSION = YES;
				CLANG_WARN_OBJC_ROOT_CLASS = YES_ERROR;
				CLANG_WARN_RANGE_LOOP_ANALYSIS = YES;
				CLANG_WARN_STRICT_PROTOTYPES = YES;
				CLANG_WARN_SUSPICIOUS_MOVE = YES;
				CLANG_WARN_UNGUARDED_AVAILABILITY = YES_AGGRESSIVE;
				CLANG_WARN_UNREACHABLE_CODE = YES;
				CLANG_WARN__DUPLICATE_METHOD_MATCH = YES;
				COPY_PHASE_STRIP = NO;
				DEBUG_INFORMATION_FORMAT = "dwarf-with-dsym";
				ENABLE_NS_ASSERTIONS = NO;
				ENABLE_STRICT_OBJC_MSGSEND = YES;
				GCC_C_LANGUAGE_STANDARD = gnu11;
				GCC_NO_COMMON_BLOCKS = YES;
				GCC_WARN_64_TO_32_BIT_CONVERSION = YES;
				GCC_WARN_ABOUT_RETURN_TYPE = YES_ERROR;
				GCC_WARN_UNDECLARED_SELECTOR = YES;
				GCC_WARN_UNINITIALIZED_AUTOS = YES_AGGRESSIVE;
				GCC_WARN_UNUSED_FUNCTION = YES;
				GCC_WARN_UNUSED_VARIABLE = YES;
				IPHONEOS_DEPLOYMENT_TARGET = 13.2;
				MTL_ENABLE_DEBUG_INFO = NO;
				MTL_FAST_MATH = YES;
				SDKROOT = iphoneos;
				SWIFT_COMPILATION_MODE = wholemodule;
				SWIFT_OPTIMIZATION_LEVEL = "-O";
				VALIDATE_PRODUCT = YES;
			};
			name = Release;
		};
		1340CF07259FA4890010C0D6 /* Debug */ = {
			isa = XCBuildConfiguration;
			buildSettings = {
				ASSETCATALOG_COMPILER_APPICON_NAME = AppIcon;
				CODE_SIGN_STYLE = Automatic;
				DEVELOPMENT_TEAM = 7UWLMH6524;
				INFOPLIST_FILE = "MVC-N/Supporting files/Info.plist";
				LD_RUNPATH_SEARCH_PATHS = (
					"$(inherited)",
					"@executable_path/Frameworks",
				);
				PRODUCT_BUNDLE_IDENTIFIER = "WT.MVC-N";
				PRODUCT_NAME = "$(TARGET_NAME)";
				SWIFT_VERSION = 5.0;
				TARGETED_DEVICE_FAMILY = "1,2";
			};
			name = Debug;
		};
		1340CF08259FA4890010C0D6 /* Release */ = {
			isa = XCBuildConfiguration;
			buildSettings = {
				ASSETCATALOG_COMPILER_APPICON_NAME = AppIcon;
				CODE_SIGN_STYLE = Automatic;
				DEVELOPMENT_TEAM = 7UWLMH6524;
				INFOPLIST_FILE = "MVC-N/Supporting files/Info.plist";
				LD_RUNPATH_SEARCH_PATHS = (
					"$(inherited)",
					"@executable_path/Frameworks",
				);
				PRODUCT_BUNDLE_IDENTIFIER = "WT.MVC-N";
				PRODUCT_NAME = "$(TARGET_NAME)";
				SWIFT_VERSION = 5.0;
				TARGETED_DEVICE_FAMILY = "1,2";
			};
			name = Release;
		};
/* End XCBuildConfiguration section */

/* Begin XCConfigurationList section */
		1340CEED259FA4870010C0D6 /* Build configuration list for PBXProject "MVC-N" */ = {
			isa = XCConfigurationList;
			buildConfigurations = (
				1340CF04259FA4890010C0D6 /* Debug */,
				1340CF05259FA4890010C0D6 /* Release */,
			);
			defaultConfigurationIsVisible = 0;
			defaultConfigurationName = Release;
		};
		1340CF06259FA4890010C0D6 /* Build configuration list for PBXNativeTarget "MVC-N" */ = {
			isa = XCConfigurationList;
			buildConfigurations = (
				1340CF07259FA4890010C0D6 /* Debug */,
				1340CF08259FA4890010C0D6 /* Release */,
			);
			defaultConfigurationIsVisible = 0;
			defaultConfigurationName = Release;
		};
/* End XCConfigurationList section */
	};
	rootObject = 1340CEEA259FA4870010C0D6 /* Project object */;
}
